
Microsoft Visual Studio Solution File, Format Version 12.00
# Visual Studio Version 16
VisualStudioVersion = 16.0.31402.337
MinimumVisualStudioVersion = 10.0.40219.1
Project("{9A19103F-16F7-4668-BE54-9A1E7A4F7556}") = "IntegracaoIMendes.Apresentacao", "IntegracaoIMendes.Apresentacao\IntegracaoIMendes.Apresentacao.csproj", "{59E7FF9C-BB2D-4E34-A49F-2FEF1B3CE987}"
EndProject
Project("{9A19103F-16F7-4668-BE54-9A1E7A4F7556}") = "IntegracaoIMendes.Dominio", "IntegracaoIMendes.Domain\IntegracaoIMendes.Dominio.csproj", "{2F2B012E-4E2D-48B8-98DD-C4F14AD75C6A}"
EndProject
Global
	GlobalSection(SolutionConfigurationPlatforms) = preSolution
		Debug|Any CPU = Debug|Any CPU
		Release|Any CPU = Release|Any CPU
	EndGlobalSection
	GlobalSection(ProjectConfigurationPlatforms) = postSolution
		{59E7FF9C-BB2D-4E34-A49F-2FEF1B3CE987}.Debug|Any CPU.ActiveCfg = Debug|Any CPU
		{59E7FF9C-BB2D-4E34-A49F-2FEF1B3CE987}.Debug|Any CPU.Build.0 = Debug|Any CPU
		{59E7FF9C-BB2D-4E34-A49F-2FEF1B3CE987}.Release|Any CPU.ActiveCfg = Release|Any CPU
		{59E7FF9C-BB2D-4E34-A49F-2FEF1B3CE987}.Release|Any CPU.Build.0 = Release|Any CPU
		{2F2B012E-4E2D-48B8-98DD-C4F14AD75C6A}.Debug|Any CPU.ActiveCfg = Debug|Any CPU
		{2F2B012E-4E2D-48B8-98DD-C4F14AD75C6A}.Debug|Any CPU.Build.0 = Debug|Any CPU
		{2F2B012E-4E2D-48B8-98DD-C4F14AD75C6A}.Release|Any CPU.ActiveCfg = Release|Any CPU
		{2F2B012E-4E2D-48B8-98DD-C4F14AD75C6A}.Release|Any CPU.Build.0 = Release|Any CPU
	EndGlobalSection
	GlobalSection(SolutionProperties) = preSolution
		HideSolutionNode = FALSE
	EndGlobalSection
	GlobalSection(ExtensibilityGlobals) = postSolution
		SolutionGuid = {63BC48F6-DC94-4AB2-A31D-B245876A5A76}
	EndGlobalSection
EndGlobal
